
Microsoft Visual Studio Solution File, Format Version 12.00
# Visual Studio Version 17
VisualStudioVersion = 17.1.32210.238
MinimumVisualStudioVersion = 10.0.40219.1
Project("{FAE04EC0-301F-11D3-BF4B-00C04F79EFBC}") = "Dabing1202ERSWindowsFormsApp", "Dabing1202ERSWindowsFormsApp\Dabing1202ERSWindowsFormsApp.csproj", "{E4822A1D-FFD4-485B-B5FF-7F73E2ACE7AD}"
EndProject
Global
	GlobalSection(SolutionConfigurationPlatforms) = preSolution
		Debug|Any CPU = Debug|Any CPU
		Release|Any CPU = Release|Any CPU
	EndGlobalSection
	GlobalSection(ProjectConfigurationPlatforms) = postSolution
		{E4822A1D-FFD4-485B-B5FF-7F73E2ACE7AD}.Debug|Any CPU.ActiveCfg = Debug|Any CPU
		{E4822A1D-FFD4-485B-B5FF-7F73E2ACE7AD}.Debug|Any CPU.Build.0 = Debug|Any CPU
		{E4822A1D-FFD4-485B-B5FF-7F73E2ACE7AD}.Release|Any CPU.ActiveCfg = Release|Any CPU
		{E4822A1D-FFD4-485B-B5FF-7F73E2ACE7AD}.Release|Any CPU.Build.0 = Release|Any CPU
	EndGlobalSection
	GlobalSection(SolutionProperties) = preSolution
		HideSolutionNode = FALSE
	EndGlobalSection
	GlobalSection(ExtensibilityGlobals) = postSolution
		SolutionGuid = {34E52DA4-5E7D-4CE1-A881-DDB9E085044E}
	EndGlobalSection
EndGlobal
